{
  "name": "graphql-client",
  "version": "1.0.0",
  "lockfileVersion": 1,
  "requires": true,
  "dependencies": {
    "@apollo/react-common": {
      "version": "3.1.3",
      "resolved": "https://registry.npm.taobao.org/@apollo/react-common/download/@apollo/react-common-3.1.3.tgz",
      "integrity": "sha1-3cNPZAP1XUfA2hR/1HVt/Xxz2sU=",
      "requires": {
        "ts-invariant": "^0.4.4",
        "tslib": "^1.10.0"
      }
    },
    "@apollo/react-hooks": {
      "version": "3.1.3",
      "resolved": "https://registry.npm.taobao.org/@apollo/react-hooks/download/@apollo/react-hooks-3.1.3.tgz",
      "integrity": "sha1-rULHr3joH+4PMOUyQmQEENW9ApM=",
      "requires": {
        "@apollo/react-common": "^3.1.3",
        "@wry/equality": "^0.1.9",
        "ts-invariant": "^0.4.4",
        "tslib": "^1.10.0"
      }
    },
    "@types/node": {
      "version": "13.9.0",
      "resolved": "https://registry.npm.taobao.org/@types/node/download/@types/node-13.9.0.tgz?cache=0&other_urls=https%3A%2F%2Fregistry.npm.taobao.org%2F%40types%2Fnode%2Fdownload%2F%40types%2Fnode-13.9.0.tgz",
      "integrity": "sha1-W27np3+qzd195xkBfQvBL1L4FYk="
    },
    "@types/zen-observable": {
      "version": "0.8.0",
      "resolved": "https://registry.npm.taobao.org/@types/zen-observable/download/@types/zen-observable-0.8.0.tgz",
      "integrity": "sha1-i2OrfxqlMhJIqtWsiQpIVlbc6k0="
    },
    "@wry/context": {
      "version": "0.4.4",
      "resolved": "https://registry.npm.taobao.org/@wry/context/download/@wry/context-0.4.4.tgz",
      "integrity": "sha1-5Q9fodbPqr8pd9H9pa6RcX+IFfg=",
      "requires": {
        "@types/node": ">=6",
        "tslib": "^1.9.3"
      }
    },
    "@wry/equality": {
      "version": "0.1.9",
      "resolved": "https://registry.npm.taobao.org/@wry/equality/download/@wry/equality-0.1.9.tgz",
      "integrity": "sha1-sT4Yt6gFPGhYqmyFtUkR+zHjqQk=",
      "requires": {
        "tslib": "^1.9.3"
      }
    },
    "apollo-boost": {
      "version": "0.4.7",
      "resolved": "https://registry.npm.taobao.org/apollo-boost/download/apollo-boost-0.4.7.tgz",
      "integrity": "sha1-sGgKsIk+P4sasQWNz6KwDLZEDXk=",
      "requires": {
        "apollo-cache": "^1.3.4",
        "apollo-cache-inmemory": "^1.6.5",
        "apollo-client": "^2.6.7",
        "apollo-link": "^1.0.6",
        "apollo-link-error": "^1.0.3",
        "apollo-link-http": "^1.3.1",
        "graphql-tag": "^2.4.2",
        "ts-invariant": "^0.4.0",
        "tslib": "^1.10.0"
      }
    },
    "apollo-cache": {
      "version": "1.3.4",
      "resolved": "https://registry.npm.taobao.org/apollo-cache/download/apollo-cache-1.3.4.tgz",
      "integrity": "sha1-DJ9jx5PhzW40xFD3Zo53r/WMmkI=",
      "requires": {
        "apollo-utilities": "^1.3.3",
        "tslib": "^1.10.0"
      }
    },
    "apollo-cache-inmemory": {
      "version": "1.6.5",
      "resolved": "https://registry.npm.taobao.org/apollo-cache-inmemory/download/apollo-cache-inmemory-1.6.5.tgz",
      "integrity": "sha1-LMqjgnaG9u1/tjQgPb8rjXAVhWo=",
      "requires": {
        "apollo-cache": "^1.3.4",
        "apollo-utilities": "^1.3.3",
        "optimism": "^0.10.0",
        "ts-invariant": "^0.4.0",
        "tslib": "^1.10.0"
      }
    },
    "apollo-client": {
      "version": "2.6.8",
      "resolved": "https://registry.npm.taobao.org/apollo-client/download/apollo-client-2.6.8.tgz",
      "integrity": "sha1-Ac68GGkqv5DGs4BkFOCBaWsPpTc=",
      "requires": {
        "@types/zen-observable": "^0.8.0",
        "apollo-cache": "1.3.4",
        "apollo-link": "^1.0.0",
        "apollo-utilities": "1.3.3",
        "symbol-observable": "^1.0.2",
        "ts-invariant": "^0.4.0",
        "tslib": "^1.10.0",
        "zen-observable": "^0.8.0"
      }
    },
    "apollo-link": {
      "version": "1.2.13",
      "resolved": "https://registry.npm.taobao.org/apollo-link/download/apollo-link-1.2.13.tgz?cache=0&sync_timestamp=1567787464464&other_urls=https%3A%2F%2Fregistry.npm.taobao.org%2Fapollo-link%2Fdownload%2Fapollo-link-1.2.13.tgz",
      "integrity": "sha1-3/APvxnfzZD928FLaj+adxrKxsQ=",
      "requires": {
        "apollo-utilities": "^1.3.0",
        "ts-invariant": "^0.4.0",
        "tslib": "^1.9.3",
        "zen-observable-ts": "^0.8.20"
      }
    },
    "apollo-link-error": {
      "version": "1.1.12",
      "resolved": "https://registry.npm.taobao.org/apollo-link-error/download/apollo-link-error-1.1.12.tgz?cache=0&sync_timestamp=1573851338865&other_urls=https%3A%2F%2Fregistry.npm.taobao.org%2Fapollo-link-error%2Fdownload%2Fapollo-link-error-1.1.12.tgz",
      "integrity": "sha1-4kSHuzwwrwZUBHYRzahwOK+6y/k=",
      "requires": {
        "apollo-link": "^1.2.13",
        "apollo-link-http-common": "^0.2.15",
        "tslib": "^1.9.3"
      }
    },
    "apollo-link-http": {
      "version": "1.5.16",
      "resolved": "https://registry.npm.taobao.org/apollo-link-http/download/apollo-link-http-1.5.16.tgz",
      "integrity": "sha1-RP52C8woA7in9X/JJpFzr7APOBQ=",
      "requires": {
        "apollo-link": "^1.2.13",
        "apollo-link-http-common": "^0.2.15",
        "tslib": "^1.9.3"
      }
    },
    "apollo-link-http-common": {
      "version": "0.2.15",
      "resolved": "https://registry.npm.taobao.org/apollo-link-http-common/download/apollo-link-http-common-0.2.15.tgz",
      "integrity": "sha1-ME5ncFEiv2mpq63tQ1GxC8Xv1tk=",
      "requires": {
        "apollo-link": "^1.2.13",
        "ts-invariant": "^0.4.0",
        "tslib": "^1.9.3"
      }
    },
    "apollo-utilities": {
      "version": "1.3.3",
      "resolved": "https://registry.npm.taobao.org/apollo-utilities/download/apollo-utilities-1.3.3.tgz",
      "integrity": "sha1-8YVHFae+gM2BC8Osld8IWBXAeHw=",
      "requires": {
        "@wry/equality": "^0.1.2",
        "fast-json-stable-stringify": "^2.0.0",
        "ts-invariant": "^0.4.0",
        "tslib": "^1.10.0"
      }
    },
    "fast-json-stable-stringify": {
      "version": "2.1.0",
      "resolved": "https://registry.npm.taobao.org/fast-json-stable-stringify/download/fast-json-stable-stringify-2.1.0.tgz?cache=0&sync_timestamp=1576340291001&other_urls=https%3A%2F%2Fregistry.npm.taobao.org%2Ffast-json-stable-stringify%2Fdownload%2Ffast-json-stable-stringify-2.1.0.tgz",
      "integrity": "sha1-h0v2nG9ATCtdmcSBNBOZ/VWJJjM="
    },
    "graphql": {
      "version": "14.6.0",
      "resolved": "https://registry.npm.taobao.org/graphql/download/graphql-14.6.0.tgz?cache=0&sync_timestamp=1581351946720&other_urls=https%3A%2F%2Fregistry.npm.taobao.org%2Fgraphql%2Fdownload%2Fgraphql-14.6.0.tgz",
      "integrity": "sha1-V4IilxEeh06hL1zUQZYWkwzYPkk=",
      "requires": {
        "iterall": "^1.2.2"
      }
    },
    "graphql-tag": {
      "version": "2.10.3",
      "resolved": "https://registry.npm.taobao.org/graphql-tag/download/graphql-tag-2.10.3.tgz",
      "integrity": "sha1-6hurpeuPxjOeTEzwSdq+UisO3wM="
    },
    "iterall": {
      "version": "1.3.0",
      "resolved": "https://registry.npm.taobao.org/iterall/download/iterall-1.3.0.tgz",
      "integrity": "sha1-r8sISS4pFcvYoIhOuTqMlNDXL+o="
    },
    "optimism": {
      "version": "0.10.3",
      "resolved": "https://registry.npm.taobao.org/optimism/download/optimism-0.10.3.tgz?cache=0&sync_timestamp=1579707318445&other_urls=https%3A%2F%2Fregistry.npm.taobao.org%2Foptimism%2Fdownload%2Foptimism-0.10.3.tgz",
      "integrity": "sha1-FjJo/cdB3qL7UPMAvt2oA1ZEX9c=",
      "requires": {
        "@wry/context": "^0.4.0"
      }
    },
    "symbol-observable": {
      "version": "1.2.0",
      "resolved": "https://registry.npm.taobao.org/symbol-observable/download/symbol-observable-1.2.0.tgz",
      "integrity": "sha1-wiaIrtTqs83C3+rLtWFmBWCgCAQ="
    },
    "ts-invariant": {
      "version": "0.4.4",
      "resolved": "https://registry.npm.taobao.org/ts-invariant/download/ts-invariant-0.4.4.tgz",
      "integrity": "sha1-l6UjUYaI+TqvrQGw6A64A+sqvYY=",
      "requires": {
        "tslib": "^1.9.3"
      }
    },
    "tslib": {
      "version": "1.11.1",
      "resolved": "https://registry.npm.taobao.org/tslib/download/tslib-1.11.1.tgz",
      "integrity": "sha1-6xXRKIJ/vuKEFUnhcfRe0zisfjU="
    },
    "zen-observable": {
      "version": "0.8.15",
      "resolved": "https://registry.npm.taobao.org/zen-observable/download/zen-observable-0.8.15.tgz",
      "integrity": "sha1-lkFcUS2OP/2SCv04iWBOMLnqrBU="
    },
    "zen-observable-ts": {
      "version": "0.8.20",
      "resolved": "https://registry.npm.taobao.org/zen-observable-ts/download/zen-observable-ts-0.8.20.tgz",
      "integrity": "sha1-RAkeM10/y8l/ZJfmPn9X1bUWsWM=",
      "requires": {
        "tslib": "^1.9.3",
        "zen-observable": "^0.8.0"
      }
    }
  }
}
